// !$*UTF8*$!
{
	archiveVersion = 1;
	classes = {
	};
	objectVersion = 46;
	objects = {

/* Begin PBXBuildFile section */
		24D45F206EF55B4BFCF36588 /* libPods-JWStudyRealmOC.a in Frameworks */ = {isa = PBXBuildFile; fileRef = F1F2CB59A0295BBBD896A17E /* libPods-JWStudyRealmOC.a */; };
		DA6DC5C71D6407D10090B1CF /* main.m in Sources */ = {isa = PBXBuildFile; fileRef = DA6DC5C61D6407D10090B1CF /* main.m */; };
		DA6DC5CA1D6407D10090B1CF /* AppDelegate.m in Sources */ = {isa = PBXBuildFile; fileRef = DA6DC5C91D6407D10090B1CF /* AppDelegate.m */; };
		DA6DC5D01D6407D10090B1CF /* Main.storyboard in Resources */ = {isa = PBXBuildFile; fileRef = DA6DC5CE1D6407D10090B1CF /* Main.storyboard */; };
		DA6DC5D21D6407D10090B1CF /* Assets.xcassets in Resources */ = {isa = PBXBuildFile; fileRef = DA6DC5D11D6407D10090B1CF /* Assets.xcassets */; };
		DA6DC5D51D6407D10090B1CF /* LaunchScreen.storyboard in Resources */ = {isa = PBXBuildFile; fileRef = DA6DC5D31D6407D10090B1CF /* LaunchScreen.storyboard */; };
		DA6DC5E01D6407D10090B1CF /* JWStudyRealmOCTests.m in Sources */ = {isa = PBXBuildFile; fileRef = DA6DC5DF1D6407D10090B1CF /* JWStudyRealmOCTests.m */; };
		DA6DC5EB1D6407D10090B1CF /* JWStudyRealmOCUITests.m in Sources */ = {isa = PBXBuildFile; fileRef = DA6DC5EA1D6407D10090B1CF /* JWStudyRealmOCUITests.m */; };
		DA6DC5FF1D640BEA0090B1CF /* JWNavigationController.m in Sources */ = {isa = PBXBuildFile; fileRef = DA6DC5FE1D640BEA0090B1CF /* JWNavigationController.m */; };
		DA6DC6021D640BFB0090B1CF /* JWBaseViewController.m in Sources */ = {isa = PBXBuildFile; fileRef = DA6DC6011D640BFB0090B1CF /* JWBaseViewController.m */; };
		DA6DC6051D640C200090B1CF /* JWNoteListController.m in Sources */ = {isa = PBXBuildFile; fileRef = DA6DC6041D640C200090B1CF /* JWNoteListController.m */; };
		DA6DC60A1D6438040090B1CF /* JWNoteModle.m in Sources */ = {isa = PBXBuildFile; fileRef = DA6DC6091D6438040090B1CF /* JWNoteModle.m */; };
		DA6DC60D1D643B810090B1CF /* JWFolderModle.m in Sources */ = {isa = PBXBuildFile; fileRef = DA6DC60C1D643B810090B1CF /* JWFolderModle.m */; };
		DA6DC6171D644F520090B1CF /* JWFolderCell.m in Sources */ = {isa = PBXBuildFile; fileRef = DA6DC6161D644F520090B1CF /* JWFolderCell.m */; };
		DA6DC61A1D645A3C0090B1CF /* JWNoteDetailViewController.m in Sources */ = {isa = PBXBuildFile; fileRef = DA6DC6191D645A3C0090B1CF /* JWNoteDetailViewController.m */; };
		DA6DC61D1D645A6D0090B1CF /* JWFolderListController.m in Sources */ = {isa = PBXBuildFile; fileRef = DA6DC61C1D645A6D0090B1CF /* JWFolderListController.m */; };
		DA6DC6201D645CDE0090B1CF /* JWNoteCell.m in Sources */ = {isa = PBXBuildFile; fileRef = DA6DC61F1D645CDE0090B1CF /* JWNoteCell.m */; };
		DAA513D01D6558CB00E8701C /* JWLoginController.m in Sources */ = {isa = PBXBuildFile; fileRef = DAA513CF1D6558CB00E8701C /* JWLoginController.m */; };
/* End PBXBuildFile section */

/* Begin PBXContainerItemProxy section */
		DA6DC5DC1D6407D10090B1CF /* PBXContainerItemProxy */ = {
			isa = PBXContainerItemProxy;
			containerPortal = DA6DC5BA1D6407D10090B1CF /* Project object */;
			proxyType = 1;
			remoteGlobalIDString = DA6DC5C11D6407D10090B1CF;
			remoteInfo = JWStudyRealmOC;
		};
		DA6DC5E71D6407D10090B1CF /* PBXContainerItemProxy */ = {
			isa = PBXContainerItemProxy;
			containerPortal = DA6DC5BA1D6407D10090B1CF /* Project object */;
			proxyType = 1;
			remoteGlobalIDString = DA6DC5C11D6407D10090B1CF;
			remoteInfo = JWStudyRealmOC;
		};
/* End PBXContainerItemProxy section */

/* Begin PBXFileReference section */
		B8247FFEC7D66529DA5668C6 /* Pods-JWStudyRealmOC.release.xcconfig */ = {isa = PBXFileReference; includeInIndex = 1; lastKnownFileType = text.xcconfig; name = "Pods-JWStudyRealmOC.release.xcconfig"; path = "Pods/Target Support Files/Pods-JWStudyRealmOC/Pods-JWStudyRealmOC.release.xcconfig"; sourceTree = "<group>"; };
		DA6DC5C21D6407D10090B1CF /* JWStudyRealmOC.app */ = {isa = PBXFileReference; explicitFileType = wrapper.application; includeInIndex = 0; path = JWStudyRealmOC.app; sourceTree = BUILT_PRODUCTS_DIR; };
		DA6DC5C61D6407D10090B1CF /* main.m */ = {isa = PBXFileReference; lastKnownFileType = sourcecode.c.objc; path = main.m; sourceTree = "<group>"; };
		DA6DC5C81D6407D10090B1CF /* AppDelegate.h */ = {isa = PBXFileReference; lastKnownFileType = sourcecode.c.h; path = AppDelegate.h; sourceTree = "<group>"; };
		DA6DC5C91D6407D10090B1CF /* AppDelegate.m */ = {isa = PBXFileReference; lastKnownFileType = sourcecode.c.objc; path = AppDelegate.m; sourceTree = "<group>"; };
		DA6DC5CF1D6407D10090B1CF /* Base */ = {isa = PBXFileReference; lastKnownFileType = file.storyboard; name = Base; path = Base.lproj/Main.storyboard; sourceTree = "<group>"; };
		DA6DC5D11D6407D10090B1CF /* Assets.xcassets */ = {isa = PBXFileReference; lastKnownFileType = folder.assetcatalog; path = Assets.xcassets; sourceTree = "<group>"; };
		DA6DC5D41D6407D10090B1CF /* Base */ = {isa = PBXFileReference; lastKnownFileType = file.storyboard; name = Base; path = Base.lproj/LaunchScreen.storyboard; sourceTree = "<group>"; };
		DA6DC5D61D6407D10090B1CF /* Info.plist */ = {isa = PBXFileReference; lastKnownFileType = text.plist.xml; path = Info.plist; sourceTree = "<group>"; };
		DA6DC5DB1D6407D10090B1CF /* JWStudyRealmOCTests.xctest */ = {isa = PBXFileReference; explicitFileType = wrapper.cfbundle; includeInIndex = 0; path = JWStudyRealmOCTests.xctest; sourceTree = BUILT_PRODUCTS_DIR; };
		DA6DC5DF1D6407D10090B1CF /* JWStudyRealmOCTests.m */ = {isa = PBXFileReference; lastKnownFileType = sourcecode.c.objc; path = JWStudyRealmOCTests.m; sourceTree = "<group>"; };
		DA6DC5E11D6407D10090B1CF /* Info.plist */ = {isa = PBXFileReference; lastKnownFileType = text.plist.xml; path = Info.plist; sourceTree = "<group>"; };
		DA6DC5E61D6407D10090B1CF /* JWStudyRealmOCUITests.xctest */ = {isa = PBXFileReference; explicitFileType = wrapper.cfbundle; includeInIndex = 0; path = JWStudyRealmOCUITests.xctest; sourceTree = BUILT_PRODUCTS_DIR; };
		DA6DC5EA1D6407D10090B1CF /* JWStudyRealmOCUITests.m */ = {isa = PBXFileReference; lastKnownFileType = sourcecode.c.objc; path = JWStudyRealmOCUITests.m; sourceTree = "<group>"; };
		DA6DC5EC1D6407D10090B1CF /* Info.plist */ = {isa = PBXFileReference; lastKnownFileType = text.plist.xml; path = Info.plist; sourceTree = "<group>"; };
		DA6DC5FD1D640BEA0090B1CF /* JWNavigationController.h */ = {isa = PBXFileReference; fileEncoding = 4; lastKnownFileType = sourcecode.c.h; path = JWNavigationController.h; sourceTree = "<group>"; };
		DA6DC5FE1D640BEA0090B1CF /* JWNavigationController.m */ = {isa = PBXFileReference; fileEncoding = 4; lastKnownFileType = sourcecode.c.objc; path = JWNavigationController.m; sourceTree = "<group>"; };
		DA6DC6001D640BFB0090B1CF /* JWBaseViewController.h */ = {isa = PBXFileReference; fileEncoding = 4; lastKnownFileType = sourcecode.c.h; path = JWBaseViewController.h; sourceTree = "<group>"; };
		DA6DC6011D640BFB0090B1CF /* JWBaseViewController.m */ = {isa = PBXFileReference; fileEncoding = 4; lastKnownFileType = sourcecode.c.objc; path = JWBaseViewController.m; sourceTree = "<group>"; };
		DA6DC6031D640C200090B1CF /* JWNoteListController.h */ = {isa = PBXFileReference; fileEncoding = 4; lastKnownFileType = sourcecode.c.h; path = JWNoteListController.h; sourceTree = "<group>"; };
		DA6DC6041D640C200090B1CF /* JWNoteListController.m */ = {isa = PBXFileReference; fileEncoding = 4; lastKnownFileType = sourcecode.c.objc; path = JWNoteListController.m; sourceTree = "<group>"; };
		DA6DC6061D642C260090B1CF /* JWStudyRealmOC-Prefix.h */ = {isa = PBXFileReference; fileEncoding = 4; lastKnownFileType = sourcecode.c.h; path = "JWStudyRealmOC-Prefix.h"; sourceTree = "<group>"; };
		DA6DC6081D6438040090B1CF /* JWNoteModle.h */ = {isa = PBXFileReference; fileEncoding = 4; lastKnownFileType = sourcecode.c.h; path = JWNoteModle.h; sourceTree = "<group>"; };
		DA6DC6091D6438040090B1CF /* JWNoteModle.m */ = {isa = PBXFileReference; fileEncoding = 4; lastKnownFileType = sourcecode.c.objc; path = JWNoteModle.m; sourceTree = "<group>"; };
		DA6DC60B1D643B810090B1CF /* JWFolderModle.h */ = {isa = PBXFileReference; fileEncoding = 4; lastKnownFileType = sourcecode.c.h; path = JWFolderModle.h; sourceTree = "<group>"; };
		DA6DC60C1D643B810090B1CF /* JWFolderModle.m */ = {isa = PBXFileReference; fileEncoding = 4; lastKnownFileType = sourcecode.c.objc; path = JWFolderModle.m; sourceTree = "<group>"; };
		DA6DC6111D6441090090B1CF /* JWDefine.h */ = {isa = PBXFileReference; fileEncoding = 4; lastKnownFileType = sourcecode.c.h; path = JWDefine.h; sourceTree = "<group>"; };
		DA6DC6151D644F520090B1CF /* JWFolderCell.h */ = {isa = PBXFileReference; fileEncoding = 4; lastKnownFileType = sourcecode.c.h; path = JWFolderCell.h; sourceTree = "<group>"; };
		DA6DC6161D644F520090B1CF /* JWFolderCell.m */ = {isa = PBXFileReference; fileEncoding = 4; lastKnownFileType = sourcecode.c.objc; path = JWFolderCell.m; sourceTree = "<group>"; };
		DA6DC6181D645A3C0090B1CF /* JWNoteDetailViewController.h */ = {isa = PBXFileReference; fileEncoding = 4; lastKnownFileType = sourcecode.c.h; path = JWNoteDetailViewController.h; sourceTree = "<group>"; };
		DA6DC6191D645A3C0090B1CF /* JWNoteDetailViewController.m */ = {isa = PBXFileReference; fileEncoding = 4; lastKnownFileType = sourcecode.c.objc; path = JWNoteDetailViewController.m; sourceTree = "<group>"; };
		DA6DC61B1D645A6D0090B1CF /* JWFolderListController.h */ = {isa = PBXFileReference; fileEncoding = 4; lastKnownFileType = sourcecode.c.h; path = JWFolderListController.h; sourceTree = "<group>"; };
		DA6DC61C1D645A6D0090B1CF /* JWFolderListController.m */ = {isa = PBXFileReference; fileEncoding = 4; lastKnownFileType = sourcecode.c.objc; path = JWFolderListController.m; sourceTree = "<group>"; };
		DA6DC61E1D645CDE0090B1CF /* JWNoteCell.h */ = {isa = PBXFileReference; fileEncoding = 4; lastKnownFileType = sourcecode.c.h; path = JWNoteCell.h; sourceTree = "<group>"; };
		DA6DC61F1D645CDE0090B1CF /* JWNoteCell.m */ = {isa = PBXFileReference; fileEncoding = 4; lastKnownFileType = sourcecode.c.objc; path = JWNoteCell.m; sourceTree = "<group>"; };
		DAA513CE1D6558CB00E8701C /* JWLoginController.h */ = {isa = PBXFileReference; fileEncoding = 4; lastKnownFileType = sourcecode.c.h; path = JWLoginController.h; sourceTree = "<group>"; };
		DAA513CF1D6558CB00E8701C /* JWLoginController.m */ = {isa = PBXFileReference; fileEncoding = 4; lastKnownFileType = sourcecode.c.objc; path = JWLoginController.m; sourceTree = "<group>"; };
		DE040E1679DD386E3BF75066 /* Pods-JWStudyRealmOC.debug.xcconfig */ = {isa = PBXFileReference; includeInIndex = 1; lastKnownFileType = text.xcconfig; name = "Pods-JWStudyRealmOC.debug.xcconfig"; path = "Pods/Target Support Files/Pods-JWStudyRealmOC/Pods-JWStudyRealmOC.debug.xcconfig"; sourceTree = "<group>"; };
		F1F2CB59A0295BBBD896A17E /* libPods-JWStudyRealmOC.a */ = {isa = PBXFileReference; explicitFileType = archive.ar; includeInIndex = 0; path = "libPods-JWStudyRealmOC.a"; sourceTree = BUILT_PRODUCTS_DIR; };
/* End PBXFileReference section */

/* Begin PBXFrameworksBuildPhase section */
		DA6DC5BF1D6407D10090B1CF /* Frameworks */ = {
			isa = PBXFrameworksBuildPhase;
			buildActionMask = 2147483647;
			files = (
				24D45F206EF55B4BFCF36588 /* libPods-JWStudyRealmOC.a in Frameworks */,
			);
			runOnlyForDeploymentPostprocessing = 0;
		};
		DA6DC5D81D6407D10090B1CF /* Frameworks */ = {
			isa = PBXFrameworksBuildPhase;
			buildActionMask = 2147483647;
			files = (
			);
			runOnlyForDeploymentPostprocessing = 0;
		};
		DA6DC5E31D6407D10090B1CF /* Frameworks */ = {
			isa = PBXFrameworksBuildPhase;
			buildActionMask = 2147483647;
			files = (
			);
			runOnlyForDeploymentPostprocessing = 0;
		};
/* End PBXFrameworksBuildPhase section */

/* Begin PBXGroup section */
		72EDB64C238AE7C3F34C9235 /* Frameworks */ = {
			isa = PBXGroup;
			children = (
				F1F2CB59A0295BBBD896A17E /* libPods-JWStudyRealmOC.a */,
			);
			name = Frameworks;
			sourceTree = "<group>";
		};
		B064FCF6062156284DA34311 /* Pods */ = {
			isa = PBXGroup;
			children = (
				DE040E1679DD386E3BF75066 /* Pods-JWStudyRealmOC.debug.xcconfig */,
				B8247FFEC7D66529DA5668C6 /* Pods-JWStudyRealmOC.release.xcconfig */,
			);
			name = Pods;
			sourceTree = "<group>";
		};
		DA6DC5B91D6407D10090B1CF = {
			isa = PBXGroup;
			children = (
				DA6DC5C41D6407D10090B1CF /* JWStudyRealmOC */,
				DA6DC5DE1D6407D10090B1CF /* JWStudyRealmOCTests */,
				DA6DC5E91D6407D10090B1CF /* JWStudyRealmOCUITests */,
				DA6DC5C31D6407D10090B1CF /* Products */,
				B064FCF6062156284DA34311 /* Pods */,
				72EDB64C238AE7C3F34C9235 /* Frameworks */,
			);
			sourceTree = "<group>";
		};
		DA6DC5C31D6407D10090B1CF /* Products */ = {
			isa = PBXGroup;
			children = (
				DA6DC5C21D6407D10090B1CF /* JWStudyRealmOC.app */,
				DA6DC5DB1D6407D10090B1CF /* JWStudyRealmOCTests.xctest */,
				DA6DC5E61D6407D10090B1CF /* JWStudyRealmOCUITests.xctest */,
			);
			name = Products;
			sourceTree = "<group>";
		};
		DA6DC5C41D6407D10090B1CF /* JWStudyRealmOC */ = {
			isa = PBXGroup;
			children = (
				DA6DC5F81D640BA00090B1CF /* Classes */,
				DA6DC5C81D6407D10090B1CF /* AppDelegate.h */,
				DA6DC5C91D6407D10090B1CF /* AppDelegate.m */,
				DA6DC5CE1D6407D10090B1CF /* Main.storyboard */,
				DA6DC5D11D6407D10090B1CF /* Assets.xcassets */,
				DA6DC5D31D6407D10090B1CF /* LaunchScreen.storyboard */,
				DA6DC5D61D6407D10090B1CF /* Info.plist */,
				DA6DC5C51D6407D10090B1CF /* Supporting Files */,
			);
			path = JWStudyRealmOC;
			sourceTree = "<group>";
		};
		DA6DC5C51D6407D10090B1CF /* Supporting Files */ = {
			isa = PBXGroup;
			children = (
				DA6DC5C61D6407D10090B1CF /* main.m */,
				DA6DC6061D642C260090B1CF /* JWStudyRealmOC-Prefix.h */,
			);
			name = "Supporting Files";
			sourceTree = "<group>";
		};
		DA6DC5DE1D6407D10090B1CF /* JWStudyRealmOCTests */ = {
			isa = PBXGroup;
			children = (
				DA6DC5DF1D6407D10090B1CF /* JWStudyRealmOCTests.m */,
				DA6DC5E11D6407D10090B1CF /* Info.plist */,
			);
			path = JWStudyRealmOCTests;
			sourceTree = "<group>";
		};
		DA6DC5E91D6407D10090B1CF /* JWStudyRealmOCUITests */ = {
			isa = PBXGroup;
			children = (
				DA6DC5EA1D6407D10090B1CF /* JWStudyRealmOCUITests.m */,
				DA6DC5EC1D6407D10090B1CF /* Info.plist */,
			);
			path = JWStudyRealmOCUITests;
			sourceTree = "<group>";
		};
		DA6DC5F81D640BA00090B1CF /* Classes */ = {
			isa = PBXGroup;
			children = (
				DA6DC60E1D6440950090B1CF /* Define */,
				DA6DC6071D6437E80090B1CF /* Modles */,
				DAA513CD1D65589B00E8701C /* Account */,
				DA6DC5F91D640BA00090B1CF /* Home */,
				DA6DC5FC1D640BA00090B1CF /* Root */,
			);
			path = Classes;
			sourceTree = "<group>";
		};
		DA6DC5F91D640BA00090B1CF /* Home */ = {
			isa = PBXGroup;
			children = (
				DA6DC5FA1D640BA00090B1CF /* Controllers */,
				DA6DC5FB1D640BA00090B1CF /* Views */,
			);
			path = Home;
			sourceTree = "<group>";
		};
		DA6DC5FA1D640BA00090B1CF /* Controllers */ = {
			isa = PBXGroup;
			children = (
				DA6DC61B1D645A6D0090B1CF /* JWFolderListController.h */,
				DA6DC61C1D645A6D0090B1CF /* JWFolderListController.m */,
				DA6DC6031D640C200090B1CF /* JWNoteListController.h */,
				DA6DC6041D640C200090B1CF /* JWNoteListController.m */,
				DA6DC6181D645A3C0090B1CF /* JWNoteDetailViewController.h */,
				DA6DC6191D645A3C0090B1CF /* JWNoteDetailViewController.m */,
			);
			path = Controllers;
			sourceTree = "<group>";
		};
		DA6DC5FB1D640BA00090B1CF /* Views */ = {
			isa = PBXGroup;
			children = (
				DA6DC6151D644F520090B1CF /* JWFolderCell.h */,
				DA6DC6161D644F520090B1CF /* JWFolderCell.m */,
				DA6DC61E1D645CDE0090B1CF /* JWNoteCell.h */,
				DA6DC61F1D645CDE0090B1CF /* JWNoteCell.m */,
			);
			path = Views;
			sourceTree = "<group>";
		};
		DA6DC5FC1D640BA00090B1CF /* Root */ = {
			isa = PBXGroup;
			children = (
				DA6DC5FD1D640BEA0090B1CF /* JWNavigationController.h */,
				DA6DC5FE1D640BEA0090B1CF /* JWNavigationController.m */,
				DA6DC6001D640BFB0090B1CF /* JWBaseViewController.h */,
				DA6DC6011D640BFB0090B1CF /* JWBaseViewController.m */,
			);
			path = Root;
			sourceTree = "<group>";
		};
		DA6DC6071D6437E80090B1CF /* Modles */ = {
			isa = PBXGroup;
			children = (
				DA6DC6081D6438040090B1CF /* JWNoteModle.h */,
				DA6DC6091D6438040090B1CF /* JWNoteModle.m */,
				DA6DC60B1D643B810090B1CF /* JWFolderModle.h */,
				DA6DC60C1D643B810090B1CF /* JWFolderModle.m */,
			);
			path = Modles;
			sourceTree = "<group>";
		};
		DA6DC60E1D6440950090B1CF /* Define */ = {
			isa = PBXGroup;
			children = (
				DA6DC6111D6441090090B1CF /* JWDefine.h */,
			);
			path = Define;
			sourceTree = "<group>";
		};
		DAA513CD1D65589B00E8701C /* Account */ = {
			isa = PBXGroup;
			children = (
				DAA513CE1D6558CB00E8701C /* JWLoginController.h */,
				DAA513CF1D6558CB00E8701C /* JWLoginController.m */,
			);
			path = Account;
			sourceTree = "<group>";
		};
/* End PBXGroup section */

/* Begin PBXNativeTarget section */
		DA6DC5C11D6407D10090B1CF /* JWStudyRealmOC */ = {
			isa = PBXNativeTarget;
			buildConfigurationList = DA6DC5EF1D6407D10090B1CF /* Build configuration list for PBXNativeTarget "JWStudyRealmOC" */;
			buildPhases = (
				068521ED82082874341CEEF4 /* 📦 Check Pods Manifest.lock */,
				DA6DC5BE1D6407D10090B1CF /* Sources */,
				DA6DC5BF1D6407D10090B1CF /* Frameworks */,
				DA6DC5C01D6407D10090B1CF /* Resources */,
				F561D729BC02C2CF24686572 /* 📦 Embed Pods Frameworks */,
				378D488391635F33A6B23551 /* 📦 Copy Pods Resources */,
			);
			buildRules = (
			);
			dependencies = (
			);
			name = JWStudyRealmOC;
			productName = JWStudyRealmOC;
			productReference = DA6DC5C21D6407D10090B1CF /* JWStudyRealmOC.app */;
			productType = "com.apple.product-type.application";
		};
		DA6DC5DA1D6407D10090B1CF /* JWStudyRealmOCTests */ = {
			isa = PBXNativeTarget;
			buildConfigurationList = DA6DC5F21D6407D10090B1CF /* Build configuration list for PBXNativeTarget "JWStudyRealmOCTests" */;
			buildPhases = (
				DA6DC5D71D6407D10090B1CF /* Sources */,
				DA6DC5D81D6407D10090B1CF /* Frameworks */,
				DA6DC5D91D6407D10090B1CF /* Resources */,
			);
			buildRules = (
			);
			dependencies = (
				DA6DC5DD1D6407D10090B1CF /* PBXTargetDependency */,
			);
			name = JWStudyRealmOCTests;
			productName = JWStudyRealmOCTests;
			productReference = DA6DC5DB1D6407D10090B1CF /* JWStudyRealmOCTests.xctest */;
			productType = "com.apple.product-type.bundle.unit-test";
		};
		DA6DC5E51D6407D10090B1CF /* JWStudyRealmOCUITests */ = {
			isa = PBXNativeTarget;
			buildConfigurationList = DA6DC5F51D6407D10090B1CF /* Build configuration list for PBXNativeTarget "JWStudyRealmOCUITests" */;
			buildPhases = (
				DA6DC5E21D6407D10090B1CF /* Sources */,
				DA6DC5E31D6407D10090B1CF /* Frameworks */,
				DA6DC5E41D6407D10090B1CF /* Resources */,
			);
			buildRules = (
			);
			dependencies = (
				DA6DC5E81D6407D10090B1CF /* PBXTargetDependency */,
			);
			name = JWStudyRealmOCUITests;
			productName = JWStudyRealmOCUITests;
			productReference = DA6DC5E61D6407D10090B1CF /* JWStudyRealmOCUITests.xctest */;
			productType = "com.apple.product-type.bundle.ui-testing";
		};
/* End PBXNativeTarget section */

/* Begin PBXProject section */
		DA6DC5BA1D6407D10090B1CF /* Project object */ = {
			isa = PBXProject;
			attributes = {
				LastUpgradeCheck = 0730;
				ORGANIZATIONNAME = wangjun;
				TargetAttributes = {
					DA6DC5C11D6407D10090B1CF = {
						CreatedOnToolsVersion = 7.3.1;
					};
					DA6DC5DA1D6407D10090B1CF = {
						CreatedOnToolsVersion = 7.3.1;
						TestTargetID = DA6DC5C11D6407D10090B1CF;
					};
					DA6DC5E51D6407D10090B1CF = {
						CreatedOnToolsVersion = 7.3.1;
						TestTargetID = DA6DC5C11D6407D10090B1CF;
					};
				};
			};
			buildConfigurationList = DA6DC5BD1D6407D10090B1CF /* Build configuration list for PBXProject "JWStudyRealmOC" */;
			compatibilityVersion = "Xcode 3.2";
			developmentRegion = English;
			hasScannedForEncodings = 0;
			knownRegions = (
				en,
				Base,
			);
			mainGroup = DA6DC5B91D6407D10090B1CF;
			productRefGroup = DA6DC5C31D6407D10090B1CF /* Products */;
			projectDirPath = "";
			projectRoot = "";
			targets = (
				DA6DC5C11D6407D10090B1CF /* JWStudyRealmOC */,
				DA6DC5DA1D6407D10090B1CF /* JWStudyRealmOCTests */,
				DA6DC5E51D6407D10090B1CF /* JWStudyRealmOCUITests */,
			);
		};
/* End PBXProject section */

/* Begin PBXResourcesBuildPhase section */
		DA6DC5C01D6407D10090B1CF /* Resources */ = {
			isa = PBXResourcesBuildPhase;
			buildActionMask = 2147483647;
			files = (
				DA6DC5D51D6407D10090B1CF /* LaunchScreen.storyboard in Resources */,
				DA6DC5D21D6407D10090B1CF /* Assets.xcassets in Resources */,
				DA6DC5D01D6407D10090B1CF /* Main.storyboard in Resources */,
			);
			runOnlyForDeploymentPostprocessing = 0;
		};
		DA6DC5D91D6407D10090B1CF /* Resources */ = {
			isa = PBXResourcesBuildPhase;
			buildActionMask = 2147483647;
			files = (
			);
			runOnlyForDeploymentPostprocessing = 0;
		};
		DA6DC5E41D6407D10090B1CF /* Resources */ = {
			isa = PBXResourcesBuildPhase;
			buildActionMask = 2147483647;
			files = (
			);
			runOnlyForDeploymentPostprocessing = 0;
		};
/* End PBXResourcesBuildPhase section */

/* Begin PBXShellScriptBuildPhase section */
		068521ED82082874341CEEF4 /* 📦 Check Pods Manifest.lock */ = {
			isa = PBXShellScriptBuildPhase;
			buildActionMask = 2147483647;
			files = (
			);
			inputPaths = (
			);
			name = "📦 Check Pods Manifest.lock";
			outputPaths = (
			);
			runOnlyForDeploymentPostprocessing = 0;
			shellPath = /bin/sh;
			shellScript = "diff \"${PODS_ROOT}/../Podfile.lock\" \"${PODS_ROOT}/Manifest.lock\" > /dev/null\nif [[ $? != 0 ]] ; then\n    cat << EOM\nerror: The sandbox is not in sync with the Podfile.lock. Run 'pod install' or update your CocoaPods installation.\nEOM\n    exit 1\nfi\n";
			showEnvVarsInLog = 0;
		};
		378D488391635F33A6B23551 /* 📦 Copy Pods Resources */ = {
			isa = PBXShellScriptBuildPhase;
			buildActionMask = 2147483647;
			files = (
			);
			inputPaths = (
			);
			name = "📦 Copy Pods Resources";
			outputPaths = (
			);
			runOnlyForDeploymentPostprocessing = 0;
			shellPath = /bin/sh;
			shellScript = "\"${SRCROOT}/Pods/Target Support Files/Pods-JWStudyRealmOC/Pods-JWStudyRealmOC-resources.sh\"\n";
			showEnvVarsInLog = 0;
		};
		F561D729BC02C2CF24686572 /* 📦 Embed Pods Frameworks */ = {
			isa = PBXShellScriptBuildPhase;
			buildActionMask = 2147483647;
			files = (
			);
			inputPaths = (
			);
			name = "📦 Embed Pods Frameworks";
			outputPaths = (
			);
			runOnlyForDeploymentPostprocessing = 0;
			shellPath = /bin/sh;
			shellScript = "\"${SRCROOT}/Pods/Target Support Files/Pods-JWStudyRealmOC/Pods-JWStudyRealmOC-frameworks.sh\"\n";
			showEnvVarsInLog = 0;
		};
/* End PBXShellScriptBuildPhase section */

/* Begin PBXSourcesBuildPhase section */
		DA6DC5BE1D6407D10090B1CF /* Sources */ = {
			isa = PBXSourcesBuildPhase;
			buildActionMask = 2147483647;
			files = (
				DA6DC61A1D645A3C0090B1CF /* JWNoteDetailViewController.m in Sources */,
				DA6DC6021D640BFB0090B1CF /* JWBaseViewController.m in Sources */,
				DA6DC6051D640C200090B1CF /* JWNoteListController.m in Sources */,
				DA6DC6201D645CDE0090B1CF /* JWNoteCell.m in Sources */,
				DAA513D01D6558CB00E8701C /* JWLoginController.m in Sources */,
				DA6DC60A1D6438040090B1CF /* JWNoteModle.m in Sources */,
				DA6DC5CA1D6407D10090B1CF /* AppDelegate.m in Sources */,
				DA6DC5C71D6407D10090B1CF /* main.m in Sources */,
				DA6DC61D1D645A6D0090B1CF /* JWFolderListController.m in Sources */,
				DA6DC60D1D643B810090B1CF /* JWFolderModle.m in Sources */,
				DA6DC6171D644F520090B1CF /* JWFolderCell.m in Sources */,
				DA6DC5FF1D640BEA0090B1CF /* JWNavigationController.m in Sources */,
			);
			runOnlyForDeploymentPostprocessing = 0;
		};
		DA6DC5D71D6407D10090B1CF /* Sources */ = {
			isa = PBXSourcesBuildPhase;
			buildActionMask = 2147483647;
			files = (
				DA6DC5E01D6407D10090B1CF /* JWStudyRealmOCTests.m in Sources */,
			);
			runOnlyForDeploymentPostprocessing = 0;
		};
		DA6DC5E21D6407D10090B1CF /* Sources */ = {
			isa = PBXSourcesBuildPhase;
			buildActionMask = 2147483647;
			files = (
				DA6DC5EB1D6407D10090B1CF /* JWStudyRealmOCUITests.m in Sources */,
			);
			runOnlyForDeploymentPostprocessing = 0;
		};
/* End PBXSourcesBuildPhase section */

/* Begin PBXTargetDependency section */
		DA6DC5DD1D6407D10090B1CF /* PBXTargetDependency */ = {
			isa = PBXTargetDependency;
			target = DA6DC5C11D6407D10090B1CF /* JWStudyRealmOC */;
			targetProxy = DA6DC5DC1D6407D10090B1CF /* PBXContainerItemProxy */;
		};
		DA6DC5E81D6407D10090B1CF /* PBXTargetDependency */ = {
			isa = PBXTargetDependency;
			target = DA6DC5C11D6407D10090B1CF /* JWStudyRealmOC */;
			targetProxy = DA6DC5E71D6407D10090B1CF /* PBXContainerItemProxy */;
		};
/* End PBXTargetDependency section */

/* Begin PBXVariantGroup section */
		DA6DC5CE1D6407D10090B1CF /* Main.storyboard */ = {
			isa = PBXVariantGroup;
			children = (
				DA6DC5CF1D6407D10090B1CF /* Base */,
			);
			name = Main.storyboard;
			sourceTree = "<group>";
		};
		DA6DC5D31D6407D10090B1CF /* LaunchScreen.storyboard */ = {
			isa = PBXVariantGroup;
			children = (
				DA6DC5D41D6407D10090B1CF /* Base */,
			);
			name = LaunchScreen.storyboard;
			sourceTree = "<group>";
		};
/* End PBXVariantGroup section */

/* Begin XCBuildConfiguration section */
		DA6DC5ED1D6407D10090B1CF /* Debug */ = {
			isa = XCBuildConfiguration;
			buildSettings = {
				ALWAYS_SEARCH_USER_PATHS = NO;
				CLANG_ANALYZER_NONNULL = YES;
				CLANG_CXX_LANGUAGE_STANDARD = "gnu++0x";
				CLANG_CXX_LIBRARY = "libc++";
				CLANG_ENABLE_MODULES = YES;
				CLANG_ENABLE_OBJC_ARC = YES;
				CLANG_WARN_BOOL_CONVERSION = YES;
				CLANG_WARN_CONSTANT_CONVERSION = YES;
				CLANG_WARN_DIRECT_OBJC_ISA_USAGE = YES_ERROR;
				CLANG_WARN_EMPTY_BODY = YES;
				CLANG_WARN_ENUM_CONVERSION = YES;
				CLANG_WARN_INT_CONVERSION = YES;
				CLANG_WARN_OBJC_ROOT_CLASS = YES_ERROR;
				CLANG_WARN_UNREACHABLE_CODE = YES;
				CLANG_WARN__DUPLICATE_METHOD_MATCH = YES;
				"CODE_SIGN_IDENTITY[sdk=iphoneos*]" = "iPhone Developer";
				COPY_PHASE_STRIP = NO;
				DEBUG_INFORMATION_FORMAT = dwarf;
				ENABLE_STRICT_OBJC_MSGSEND = YES;
				ENABLE_TESTABILITY = YES;
				GCC_C_LANGUAGE_STANDARD = gnu99;
				GCC_DYNAMIC_NO_PIC = NO;
				GCC_NO_COMMON_BLOCKS = YES;
				GCC_OPTIMIZATION_LEVEL = 0;
				GCC_PREPROCESSOR_DEFINITIONS = (
					"DEBUG=1",
					"$(inherited)",
				);
				GCC_WARN_64_TO_32_BIT_CONVERSION = YES;
				GCC_WARN_ABOUT_RETURN_TYPE = YES_ERROR;
				GCC_WARN_UNDECLARED_SELECTOR = YES;
				GCC_WARN_UNINITIALIZED_AUTOS = YES_AGGRESSIVE;
				GCC_WARN_UNUSED_FUNCTION = YES;
				GCC_WARN_UNUSED_VARIABLE = YES;
				IPHONEOS_DEPLOYMENT_TARGET = 9.1;
				MTL_ENABLE_DEBUG_INFO = YES;
				ONLY_ACTIVE_ARCH = YES;
				SDKROOT = iphoneos;
			};
			name = Debug;
		};
		DA6DC5EE1D6407D10090B1CF /* Release */ = {
			isa = XCBuildConfiguration;
			buildSettings = {
				ALWAYS_SEARCH_USER_PATHS = NO;
				CLANG_ANALYZER_NONNULL = YES;
				CLANG_CXX_LANGUAGE_STANDARD = "gnu++0x";
				CLANG_CXX_LIBRARY = "libc++";
				CLANG_ENABLE_MODULES = YES;
				CLANG_ENABLE_OBJC_ARC = YES;
				CLANG_WARN_BOOL_CONVERSION = YES;
				CLANG_WARN_CONSTANT_CONVERSION = YES;
				CLANG_WARN_DIRECT_OBJC_ISA_USAGE = YES_ERROR;
				CLANG_WARN_EMPTY_BODY = YES;
				CLANG_WARN_ENUM_CONVERSION = YES;
				CLANG_WARN_INT_CONVERSION = YES;
				CLANG_WARN_OBJC_ROOT_CLASS = YES_ERROR;
				CLANG_WARN_UNREACHABLE_CODE = YES;
				CLANG_WARN__DUPLICATE_METHOD_MATCH = YES;
				"CODE_SIGN_IDENTITY[sdk=iphoneos*]" = "iPhone Developer";
				COPY_PHASE_STRIP = NO;
				DEBUG_INFORMATION_FORMAT = "dwarf-with-dsym";
				ENABLE_NS_ASSERTIONS = NO;
				ENABLE_STRICT_OBJC_MSGSEND = YES;
				GCC_C_LANGUAGE_STANDARD = gnu99;
				GCC_NO_COMMON_BLOCKS = YES;
				GCC_WARN_64_TO_32_BIT_CONVERSION = YES;
				GCC_WARN_ABOUT_RETURN_TYPE = YES_ERROR;
				GCC_WARN_UNDECLARED_SELECTOR = YES;
				GCC_WARN_UNINITIALIZED_AUTOS = YES_AGGRESSIVE;
				GCC_WARN_UNUSED_FUNCTION = YES;
				GCC_WARN_UNUSED_VARIABLE = YES;
				IPHONEOS_DEPLOYMENT_TARGET = 9.1;
				MTL_ENABLE_DEBUG_INFO = NO;
				SDKROOT = iphoneos;
				VALIDATE_PRODUCT = YES;
			};
			name = Release;
		};
		DA6DC5F01D6407D10090B1CF /* Debug */ = {
			isa = XCBuildConfiguration;
			baseConfigurationReference = DE040E1679DD386E3BF75066 /* Pods-JWStudyRealmOC.debug.xcconfig */;
			buildSettings = {
				ASSETCATALOG_COMPILER_APPICON_NAME = AppIcon;
				CODE_SIGN_IDENTITY = "iPhone Developer";
				ENABLE_BITCODE = NO;
				GCC_PREFIX_HEADER = "$(SRCROOT)/JWStudyRealmOC/JWStudyRealmOC-Prefix.h";
				INFOPLIST_FILE = JWStudyRealmOC/Info.plist;
				LD_RUNPATH_SEARCH_PATHS = "$(inherited) @executable_path/Frameworks";
				PRODUCT_BUNDLE_IDENTIFIER = com.cloudm.Secret.AppID;
				PRODUCT_NAME = "$(TARGET_NAME)";
				PROVISIONING_PROFILE = "67f64720-1d43-4440-a5df-adc1c9b597e4";
			};
			name = Debug;
		};
		DA6DC5F11D6407D10090B1CF /* Release */ = {
			isa = XCBuildConfiguration;
			baseConfigurationReference = B8247FFEC7D66529DA5668C6 /* Pods-JWStudyRealmOC.release.xcconfig */;
			buildSettings = {
				ASSETCATALOG_COMPILER_APPICON_NAME = AppIcon;
				CODE_SIGN_IDENTITY = "iPhone Developer";
				ENABLE_BITCODE = NO;
				GCC_PREFIX_HEADER = "$(SRCROOT)/JWStudyRealmOC/JWStudyRealmOC-Prefix.h";
				INFOPLIST_FILE = JWStudyRealmOC/Info.plist;
				LD_RUNPATH_SEARCH_PATHS = "$(inherited) @executable_path/Frameworks";
				PRODUCT_BUNDLE_IDENTIFIER = com.cloudm.Secret.AppID;
				PRODUCT_NAME = "$(TARGET_NAME)";
				PROVISIONING_PROFILE = "67f64720-1d43-4440-a5df-adc1c9b597e4";
			};
			name = Release;
		};
		DA6DC5F31D6407D10090B1CF /* Debug */ = {
			isa = XCBuildConfiguration;
			buildSettings = {
				BUNDLE_LOADER = "$(TEST_HOST)";
				INFOPLIST_FILE = JWStudyRealmOCTests/Info.plist;
				LD_RUNPATH_SEARCH_PATHS = "$(inherited) @executable_path/Frameworks @loader_path/Frameworks";
				PRODUCT_BUNDLE_IDENTIFIER = com.JW.JWStudyRealmOCTests;
				PRODUCT_NAME = "$(TARGET_NAME)";
				TEST_HOST = "$(BUILT_PRODUCTS_DIR)/JWStudyRealmOC.app/JWStudyRealmOC";
			};
			name = Debug;
		};
		DA6DC5F41D6407D10090B1CF /* Release */ = {
			isa = XCBuildConfiguration;
			buildSettings = {
				BUNDLE_LOADER = "$(TEST_HOST)";
				INFOPLIST_FILE = JWStudyRealmOCTests/Info.plist;
				LD_RUNPATH_SEARCH_PATHS = "$(inherited) @executable_path/Frameworks @loader_path/Frameworks";
				PRODUCT_BUNDLE_IDENTIFIER = com.JW.JWStudyRealmOCTests;
				PRODUCT_NAME = "$(TARGET_NAME)";
				TEST_HOST = "$(BUILT_PRODUCTS_DIR)/JWStudyRealmOC.app/JWStudyRealmOC";
			};
			name = Release;
		};
		DA6DC5F61D6407D10090B1CF /* Debug */ = {
			isa = XCBuildConfiguration;
			buildSettings = {
				INFOPLIST_FILE = JWStudyRealmOCUITests/Info.plist;
				LD_RUNPATH_SEARCH_PATHS = "$(inherited) @executable_path/Frameworks @loader_path/Frameworks";
				PRODUCT_BUNDLE_IDENTIFIER = com.JW.JWStudyRealmOCUITests;
				PRODUCT_NAME = "$(TARGET_NAME)";
				TEST_TARGET_NAME = JWStudyRealmOC;
			};
			name = Debug;
		};
		DA6DC5F71D6407D10090B1CF /* Release */ = {
			isa = XCBuildConfiguration;
			buildSettings = {
				INFOPLIST_FILE = JWStudyRealmOCUITests/Info.plist;
				LD_RUNPATH_SEARCH_PATHS = "$(inherited) @executable_path/Frameworks @loader_path/Frameworks";
				PRODUCT_BUNDLE_IDENTIFIER = com.JW.JWStudyRealmOCUITests;
				PRODUCT_NAME = "$(TARGET_NAME)";
				TEST_TARGET_NAME = JWStudyRealmOC;
			};
			name = Release;
		};
/* End XCBuildConfiguration section */

/* Begin XCConfigurationList section */
		DA6DC5BD1D6407D10090B1CF /* Build configuration list for PBXProject "JWStudyRealmOC" */ = {
			isa = XCConfigurationList;
			buildConfigurations = (
				DA6DC5ED1D6407D10090B1CF /* Debug */,
				DA6DC5EE1D6407D10090B1CF /* Release */,
			);
			defaultConfigurationIsVisible = 0;
			defaultConfigurationName = Release;
		};
		DA6DC5EF1D6407D10090B1CF /* Build configuration list for PBXNativeTarget "JWStudyRealmOC" */ = {
			isa = XCConfigurationList;
			buildConfigurations = (
				DA6DC5F01D6407D10090B1CF /* Debug */,
				DA6DC5F11D6407D10090B1CF /* Release */,
			);
			defaultConfigurationIsVisible = 0;
			defaultConfigurationName = Release;
		};
		DA6DC5F21D6407D10090B1CF /* Build configuration list for PBXNativeTarget "JWStudyRealmOCTests" */ = {
			isa = XCConfigurationList;
			buildConfigurations = (
				DA6DC5F31D6407D10090B1CF /* Debug */,
				DA6DC5F41D6407D10090B1CF /* Release */,
			);
			defaultConfigurationIsVisible = 0;
			defaultConfigurationName = Release;
		};
		DA6DC5F51D6407D10090B1CF /* Build configuration list for PBXNativeTarget "JWStudyRealmOCUITests" */ = {
			isa = XCConfigurationList;
			buildConfigurations = (
				DA6DC5F61D6407D10090B1CF /* Debug */,
				DA6DC5F71D6407D10090B1CF /* Release */,
			);
			defaultConfigurationIsVisible = 0;
			defaultConfigurationName = Release;
		};
/* End XCConfigurationList section */
	};
	rootObject = DA6DC5BA1D6407D10090B1CF /* Project object */;
}
